
Microsoft Visual Studio Solution File, Format Version 12.00
# Visual Studio Version 17
VisualStudioVersion = 17.11.35312.102
MinimumVisualStudioVersion = 10.0.40219.1
Project("{54A90642-561A-4BB1-A94E-469ADEE60C69}") = "jobcandidates", "JobCandidates\jobcandidates.esproj", "{6F6CA829-7274-4029-8EC5-DEB750FFB16D}"
EndProject
Global
	GlobalSection(SolutionConfigurationPlatforms) = preSolution
		Debug|Any CPU = Debug|Any CPU
		Release|Any CPU = Release|Any CPU
	EndGlobalSection
	GlobalSection(ProjectConfigurationPlatforms) = postSolution
		{6F6CA829-7274-4029-8EC5-DEB750FFB16D}.Debug|Any CPU.ActiveCfg = Debug|Any CPU
		{6F6CA829-7274-4029-8EC5-DEB750FFB16D}.Debug|Any CPU.Build.0 = Debug|Any CPU
		{6F6CA829-7274-4029-8EC5-DEB750FFB16D}.Debug|Any CPU.Deploy.0 = Debug|Any CPU
		{6F6CA829-7274-4029-8EC5-DEB750FFB16D}.Release|Any CPU.ActiveCfg = Release|Any CPU
		{6F6CA829-7274-4029-8EC5-DEB750FFB16D}.Release|Any CPU.Build.0 = Release|Any CPU
		{6F6CA829-7274-4029-8EC5-DEB750FFB16D}.Release|Any CPU.Deploy.0 = Release|Any CPU
	EndGlobalSection
	GlobalSection(SolutionProperties) = preSolution
		HideSolutionNode = FALSE
	EndGlobalSection
	GlobalSection(ExtensibilityGlobals) = postSolution
		SolutionGuid = {EBD6F010-7DC8-4F30-B7DC-ABA761FE3562}
	EndGlobalSection
EndGlobal
